{
  "name": "orangehrm",
  "version": "1.0.0",
  "lockfileVersion": 1,
  "requires": true,
  "dependencies": {
    "expect.js": {
      "version": "0.3.1",
      "resolved": "https://registry.npmjs.org/expect.js/-/expect.js-0.3.1.tgz",
      "integrity": "sha1-sKWaDS7/VDdUTr8M6qYBWEHQm1s="
    },
    "testcafe-reporter-html": {
      "version": "1.4.6",
      "resolved": "https://registry.npmjs.org/testcafe-reporter-html/-/testcafe-reporter-html-1.4.6.tgz",
      "integrity": "sha512-P3JNxLnl0UaL5hc3Cn4LYYioHgASF5PNTOS34Ym7ClOIU4CnPAe+JruruNvLA3Jf5ZHSd+ix57xAci/Y7mEDmw=="
    }
  }
}
